<?xml version="1.0" encoding="UTF-8"?>
<!DOCTYPE plist PUBLIC "-//Apple//DTD PLIST 1.0//EN" "http://www.apple.com/DTDs/PropertyList-1.0.dtd">
<plist version="1.0">
<dict>
	<key>archiveVersion</key>
	<string>1</string>
	<key>classes</key>
	<dict/>
	<key>objectVersion</key>
	<string>46</string>
	<key>objects</key>
	<dict>
		<key>01993A1C1E5F274A8E29F184</key>
		<dict>
			<key>children</key>
			<array>
				<string>9C7E826A7FEB6F6ECBC85EBF</string>
				<string>392A124E7C8ED709320EB45E</string>
			</array>
			<key>isa</key>
			<string>PBXGroup</string>
			<key>name</key>
			<string>Pods</string>
			<key>sourceTree</key>
			<string>&lt;group&gt;</string>
		</dict>
		<key>3827A6981CC759BC008B6735</key>
		<dict>
			<key>fileEncoding</key>
			<string>4</string>
			<key>isa</key>
			<string>PBXFileReference</string>
			<key>lastKnownFileType</key>
			<string>sourcecode.swift</string>
			<key>path</key>
			<string>ActiveSocket.swift</string>
			<key>sourceTree</key>
			<string>&lt;group&gt;</string>
		</dict>
		<key>3827A6991CC759BC008B6735</key>
		<dict>
			<key>fileEncoding</key>
			<string>4</string>
			<key>isa</key>
			<string>PBXFileReference</string>
			<key>lastKnownFileType</key>
			<string>sourcecode.swift</string>
			<key>path</key>
			<string>DNS.swift</string>
			<key>sourceTree</key>
			<string>&lt;group&gt;</string>
		</dict>
		<key>3827A69A1CC759BC008B6735</key>
		<dict>
			<key>fileEncoding</key>
			<string>4</string>
			<key>isa</key>
			<string>PBXFileReference</string>
			<key>lastKnownFileType</key>
			<string>sourcecode.swift</string>
			<key>path</key>
			<string>FileDescriptor.swift</string>
			<key>sourceTree</key>
			<string>&lt;group&gt;</string>
		</dict>
		<key>3827A69B1CC759BC008B6735</key>
		<dict>
			<key>fileEncoding</key>
			<string>4</string>
			<key>isa</key>
			<string>PBXFileReference</string>
			<key>lastKnownFileType</key>
			<string>sourcecode.swift</string>
			<key>path</key>
			<string>PassiveSocket.swift</string>
			<key>sourceTree</key>
			<string>&lt;group&gt;</string>
		</dict>
		<key>3827A69C1CC759BC008B6735</key>
		<dict>
			<key>fileEncoding</key>
			<string>4</string>
			<key>isa</key>
			<string>PBXFileReference</string>
			<key>lastKnownFileType</key>
			<string>sourcecode.swift</string>
			<key>path</key>
			<string>Socket.swift</string>
			<key>sourceTree</key>
			<string>&lt;group&gt;</string>
		</dict>
		<key>3827A69D1CC759BC008B6735</key>
		<dict>
			<key>fileEncoding</key>
			<string>4</string>
			<key>isa</key>
			<string>PBXFileReference</string>
			<key>lastKnownFileType</key>
			<string>sourcecode.swift</string>
			<key>path</key>
			<string>SocketAddress.swift</string>
			<key>sourceTree</key>
			<string>&lt;group&gt;</string>
		</dict>
		<key>3827A69E1CC759BC008B6735</key>
		<dict>
			<key>fileEncoding</key>
			<string>4</string>
			<key>isa</key>
			<string>PBXFileReference</string>
			<key>lastKnownFileType</key>
			<string>sourcecode.c.h</string>
			<key>path</key>
			<string>SwiftSockets.h</string>
			<key>sourceTree</key>
			<string>&lt;group&gt;</string>
		</dict>
		<key>3827A69F1CC759BC008B6735</key>
		<dict>
			<key>fileEncoding</key>
			<string>4</string>
			<key>isa</key>
			<string>PBXFileReference</string>
			<key>lastKnownFileType</key>
			<string>sourcecode.swift</string>
			<key>path</key>
			<string>UnixUtils.swift</string>
			<key>sourceTree</key>
			<string>&lt;group&gt;</string>
		</dict>
		<key>3827A6A01CC759BC008B6735</key>
		<dict>
			<key>fileRef</key>
			<string>3827A6981CC759BC008B6735</string>
			<key>isa</key>
			<string>PBXBuildFile</string>
		</dict>
		<key>3827A6A11CC759BC008B6735</key>
		<dict>
			<key>fileRef</key>
			<string>3827A6991CC759BC008B6735</string>
			<key>isa</key>
			<string>PBXBuildFile</string>
		</dict>
		<key>3827A6A21CC759BC008B6735</key>
		<dict>
			<key>fileRef</key>
			<string>3827A69A1CC759BC008B6735</string>
			<key>isa</key>
			<string>PBXBuildFile</string>
		</dict>
		<key>3827A6A31CC759BC008B6735</key>
		<dict>
			<key>fileRef</key>
			<string>3827A69B1CC759BC008B6735</string>
			<key>isa</key>
			<string>PBXBuildFile</string>
		</dict>
		<key>3827A6A41CC759BC008B6735</key>
		<dict>
			<key>fileRef</key>
			<string>3827A69C1CC759BC008B6735</string>
			<key>isa</key>
			<string>PBXBuildFile</string>
		</dict>
		<key>3827A6A51CC759BC008B6735</key>
		<dict>
			<key>fileRef</key>
			<string>3827A69D1CC759BC008B6735</string>
			<key>isa</key>
			<string>PBXBuildFile</string>
		</dict>
		<key>3827A6A61CC759BC008B6735</key>
		<dict>
			<key>fileRef</key>
			<string>3827A69F1CC759BC008B6735</string>
			<key>isa</key>
			<string>PBXBuildFile</string>
		</dict>
		<key>3827A6A71CC75FAC008B6735</key>
		<dict>
			<key>fileEncoding</key>
			<string>4</string>
			<key>isa</key>
			<string>PBXFileReference</string>
			<key>lastKnownFileType</key>
			<string>sourcecode.swift</string>
			<key>path</key>
			<string>WebSocket.swift</string>
			<key>sourceTree</key>
			<string>&lt;group&gt;</string>
		</dict>
		<key>3827A6A81CC75FAC008B6735</key>
		<dict>
			<key>fileRef</key>
			<string>3827A6A71CC75FAC008B6735</string>
			<key>isa</key>
			<string>PBXBuildFile</string>
		</dict>
		<key>3827A6A91CC76048008B6735</key>
		<dict>
			<key>fileEncoding</key>
			<string>4</string>
			<key>isa</key>
			<string>PBXFileReference</string>
			<key>lastKnownFileType</key>
			<string>sourcecode.swift</string>
			<key>path</key>
			<string>SSLSecurity.swift</string>
			<key>sourceTree</key>
			<string>&lt;group&gt;</string>
		</dict>
		<key>3827A6AA1CC76048008B6735</key>
		<dict>
			<key>fileRef</key>
			<string>3827A6A91CC76048008B6735</string>
			<key>isa</key>
			<string>PBXBuildFile</string>
		</dict>
		<key>384721621CC86DDA0086BC79</key>
		<dict>
			<key>isa</key>
			<string>PBXFileReference</string>
			<key>lastKnownFileType</key>
			<string>sourcecode.c.h</string>
			<key>path</key>
			<string>mkwChat-Bridging-Header.h</string>
			<key>sourceTree</key>
			<string>&lt;group&gt;</string>
		</dict>
		<key>384721631CC86EE40086BC79</key>
		<dict>
			<key>isa</key>
			<string>PBXFileReference</string>
			<key>lastKnownFileType</key>
			<string>sourcecode.c.h</string>
			<key>path</key>
			<string>mkwChat-Bridging-Header.h</string>
			<key>sourceTree</key>
			<string>&lt;group&gt;</string>
		</dict>
		<key>387BBAAD1CC6B2570074C860</key>
		<dict>
			<key>fileEncoding</key>
			<string>4</string>
			<key>isa</key>
			<string>PBXFileReference</string>
			<key>lastKnownFileType</key>
			<string>sourcecode.swift</string>
			<key>lineEnding</key>
			<string>0</string>
			<key>path</key>
			<string>ChatWindowController.swift</string>
			<key>sourceTree</key>
			<string>&lt;group&gt;</string>
		</dict>
		<key>387BBAAE1CC6B2570074C860</key>
		<dict>
			<key>fileEncoding</key>
			<string>4</string>
			<key>isa</key>
			<string>PBXFileReference</string>
			<key>lastKnownFileType</key>
			<string>file.xib</string>
			<key>path</key>
			<string>ChatWindowController.xib</string>
			<key>sourceTree</key>
			<string>&lt;group&gt;</string>
		</dict>
		<key>387BBAAF1CC6B2570074C860</key>
		<dict>
			<key>fileRef</key>
			<string>387BBAAD1CC6B2570074C860</string>
			<key>isa</key>
			<string>PBXBuildFile</string>
		</dict>
		<key>387BBAB01CC6B2570074C860</key>
		<dict>
			<key>fileRef</key>
			<string>387BBAAE1CC6B2570074C860</string>
			<key>isa</key>
			<string>PBXBuildFile</string>
		</dict>
		<key>38944E111CC5B29300756EA4</key>
		<dict>
			<key>children</key>
			<array>
				<string>384721631CC86EE40086BC79</string>
				<string>38944E551CC5B8E200756EA4</string>
				<string>38944E4D1CC5B5CF00756EA4</string>
				<string>38944E1C1CC5B29300756EA4</string>
				<string>38944E2C1CC5B29400756EA4</string>
				<string>38944E371CC5B29400756EA4</string>
				<string>38944E1B1CC5B29300756EA4</string>
				<string>01993A1C1E5F274A8E29F184</string>
				<string>F356A16B43D27CD117128DE5</string>
			</array>
			<key>isa</key>
			<string>PBXGroup</string>
			<key>sourceTree</key>
			<string>&lt;group&gt;</string>
		</dict>
		<key>38944E121CC5B29300756EA4</key>
		<dict>
			<key>attributes</key>
			<dict>
				<key>LastSwiftUpdateCheck</key>
				<string>0730</string>
				<key>LastUpgradeCheck</key>
				<string>0730</string>
				<key>ORGANIZATIONNAME</key>
				<string>Matt Wilfert</string>
				<key>TargetAttributes</key>
				<dict>
					<key>38944E191CC5B29300756EA4</key>
					<dict>
						<key>CreatedOnToolsVersion</key>
						<string>7.3</string>
					</dict>
					<key>38944E281CC5B29400756EA4</key>
					<dict>
						<key>CreatedOnToolsVersion</key>
						<string>7.3</string>
						<key>TestTargetID</key>
						<string>38944E191CC5B29300756EA4</string>
					</dict>
					<key>38944E331CC5B29400756EA4</key>
					<dict>
						<key>CreatedOnToolsVersion</key>
						<string>7.3</string>
						<key>TestTargetID</key>
						<string>38944E191CC5B29300756EA4</string>
					</dict>
				</dict>
			</dict>
			<key>buildConfigurationList</key>
			<string>38944E151CC5B29300756EA4</string>
			<key>compatibilityVersion</key>
			<string>Xcode 3.2</string>
			<key>developmentRegion</key>
			<string>English</string>
			<key>hasScannedForEncodings</key>
			<string>0</string>
			<key>isa</key>
			<string>PBXProject</string>
			<key>knownRegions</key>
			<array>
				<string>en</string>
				<string>Base</string>
			</array>
			<key>mainGroup</key>
			<string>38944E111CC5B29300756EA4</string>
			<key>productRefGroup</key>
			<string>38944E1B1CC5B29300756EA4</string>
			<key>projectDirPath</key>
			<string></string>
			<key>projectReferences</key>
			<array/>
			<key>projectRoot</key>
			<string></string>
			<key>targets</key>
			<array>
				<string>38944E191CC5B29300756EA4</string>
				<string>38944E281CC5B29400756EA4</string>
				<string>38944E331CC5B29400756EA4</string>
			</array>
		</dict>
		<key>38944E151CC5B29300756EA4</key>
		<dict>
			<key>buildConfigurations</key>
			<array>
				<string>38944E3B1CC5B29400756EA4</string>
				<string>38944E3C1CC5B29400756EA4</string>
			</array>
			<key>defaultConfigurationIsVisible</key>
			<string>0</string>
			<key>defaultConfigurationName</key>
			<string>Release</string>
			<key>isa</key>
			<string>XCConfigurationList</string>
		</dict>
		<key>38944E161CC5B29300756EA4</key>
		<dict>
			<key>buildActionMask</key>
			<string>2147483647</string>
			<key>files</key>
			<array>
				<string>3827A6A11CC759BC008B6735</string>
				<string>38944E9E1CC5B93700756EA4</string>
				<string>38944E981CC5B93700756EA4</string>
				<string>3827A6A81CC75FAC008B6735</string>
				<string>38944E9F1CC5B93700756EA4</string>
				<string>38944E9A1CC5B93700756EA4</string>
				<string>3827A6A61CC759BC008B6735</string>
				<string>38944EA71CC5B93700756EA4</string>
				<string>38944EA81CC5B93700756EA4</string>
				<string>38944E971CC5B93700756EA4</string>
				<string>38944E9D1CC5B93700756EA4</string>
				<string>38944EA61CC5B93700756EA4</string>
				<string>38944EAF1CC5CC1200756EA4</string>
				<string>38944E961CC5B93700756EA4</string>
				<string>38944E991CC5B93700756EA4</string>
				<string>38944EB11CC5CCF100756EA4</string>
				<string>3827A6A21CC759BC008B6735</string>
				<string>38944EA31CC5B93700756EA4</string>
				<string>3827A6A41CC759BC008B6735</string>
				<string>3827A6A51CC759BC008B6735</string>
				<string>3827A6A01CC759BC008B6735</string>
				<string>3827A6AA1CC76048008B6735</string>
				<string>387BBAAF1CC6B2570074C860</string>
				<string>38944E951CC5B93700756EA4</string>
				<string>38944EA21CC5B93700756EA4</string>
				<string>38944EA11CC5B93700756EA4</string>
				<string>38944E4E1CC5B5CF00756EA4</string>
				<string>3827A6A31CC759BC008B6735</string>
				<string>38944E9C1CC5B93700756EA4</string>
				<string>38944EAE1CC5CC1200756EA4</string>
				<string>38FDE4781CC8A429000E4404</string>
				<string>38944EA01CC5B93700756EA4</string>
				<string>38944E9B1CC5B93700756EA4</string>
				<string>38944EA41CC5B93700756EA4</string>
				<string>38944EA51CC5B93700756EA4</string>
				<string>38944E1E1CC5B29300756EA4</string>
			</array>
			<key>isa</key>
			<string>PBXSourcesBuildPhase</string>
			<key>runOnlyForDeploymentPostprocessing</key>
			<string>0</string>
		</dict>
		<key>38944E171CC5B29300756EA4</key>
		<dict>
			<key>buildActionMask</key>
			<string>2147483647</string>
			<key>files</key>
			<array>
				<string>3C4F919E45DB7791D476A6D4</string>
			</array>
			<key>isa</key>
			<string>PBXFrameworksBuildPhase</string>
			<key>runOnlyForDeploymentPostprocessing</key>
			<string>0</string>
		</dict>
		<key>38944E181CC5B29300756EA4</key>
		<dict>
			<key>buildActionMask</key>
			<string>2147483647</string>
			<key>files</key>
			<array>
				<string>38944E201CC5B29300756EA4</string>
				<string>387BBAB01CC6B2570074C860</string>
				<string>38FDE47E1CC8B341000E4404</string>
			</array>
			<key>isa</key>
			<string>PBXResourcesBuildPhase</string>
			<key>runOnlyForDeploymentPostprocessing</key>
			<string>0</string>
		</dict>
		<key>38944E191CC5B29300756EA4</key>
		<dict>
			<key>buildConfigurationList</key>
			<string>38944E3D1CC5B29400756EA4</string>
			<key>buildPhases</key>
			<array>
				<string>6DFB890127AA2B37C7F5E512</string>
				<string>38944E161CC5B29300756EA4</string>
				<string>38944E171CC5B29300756EA4</string>
				<string>38944E181CC5B29300756EA4</string>
				<string>38B9FD721CC95CD10033D3C6</string>
				<string>A928F4A51FF5175D83C1E87D</string>
				<string>9EEFE51FC19EC7512DDFC427</string>
			</array>
			<key>buildRules</key>
			<array/>
			<key>dependencies</key>
			<array/>
			<key>isa</key>
			<string>PBXNativeTarget</string>
			<key>name</key>
			<string>mkwChat</string>
			<key>productName</key>
			<string>mkwChat</string>
			<key>productReference</key>
			<string>38944E1A1CC5B29300756EA4</string>
			<key>productType</key>
			<string>com.apple.product-type.application</string>
		</dict>
		<key>38944E1A1CC5B29300756EA4</key>
		<dict>
			<key>explicitFileType</key>
			<string>wrapper.application</string>
			<key>includeInIndex</key>
			<string>0</string>
			<key>isa</key>
			<string>PBXFileReference</string>
			<key>path</key>
			<string>mkwChat.app</string>
			<key>sourceTree</key>
			<string>BUILT_PRODUCTS_DIR</string>
		</dict>
		<key>38944E1B1CC5B29300756EA4</key>
		<dict>
			<key>children</key>
			<array>
				<string>38944E1A1CC5B29300756EA4</string>
				<string>38944E291CC5B29400756EA4</string>
				<string>38944E341CC5B29400756EA4</string>
			</array>
			<key>isa</key>
			<string>PBXGroup</string>
			<key>name</key>
			<string>Products</string>
			<key>sourceTree</key>
			<string>&lt;group&gt;</string>
		</dict>
		<key>38944E1C1CC5B29300756EA4</key>
		<dict>
			<key>children</key>
			<array>
				<string>38944E1D1CC5B29300756EA4</string>
				<string>38944E1F1CC5B29300756EA4</string>
				<string>38944E241CC5B29300756EA4</string>
				<string>38FDE47D1CC8B341000E4404</string>
				<string>387BBAAD1CC6B2570074C860</string>
				<string>387BBAAE1CC6B2570074C860</string>
				<string>384721621CC86DDA0086BC79</string>
			</array>
			<key>isa</key>
			<string>PBXGroup</string>
			<key>path</key>
			<string>mkwChat</string>
			<key>sourceTree</key>
			<string>&lt;group&gt;</string>
		</dict>
		<key>38944E1D1CC5B29300756EA4</key>
		<dict>
			<key>isa</key>
			<string>PBXFileReference</string>
			<key>lastKnownFileType</key>
			<string>sourcecode.swift</string>
			<key>path</key>
			<string>AppDelegate.swift</string>
			<key>sourceTree</key>
			<string>&lt;group&gt;</string>
		</dict>
		<key>38944E1E1CC5B29300756EA4</key>
		<dict>
			<key>fileRef</key>
			<string>38944E1D1CC5B29300756EA4</string>
			<key>isa</key>
			<string>PBXBuildFile</string>
		</dict>
		<key>38944E1F1CC5B29300756EA4</key>
		<dict>
			<key>isa</key>
			<string>PBXFileReference</string>
			<key>lastKnownFileType</key>
			<string>folder.assetcatalog</string>
			<key>path</key>
			<string>Assets.xcassets</string>
			<key>sourceTree</key>
			<string>&lt;group&gt;</string>
		</dict>
		<key>38944E201CC5B29300756EA4</key>
		<dict>
			<key>fileRef</key>
			<string>38944E1F1CC5B29300756EA4</string>
			<key>isa</key>
			<string>PBXBuildFile</string>
		</dict>
		<key>38944E241CC5B29300756EA4</key>
		<dict>
			<key>isa</key>
			<string>PBXFileReference</string>
			<key>lastKnownFileType</key>
			<string>text.plist.xml</string>
			<key>path</key>
			<string>Info.plist</string>
			<key>sourceTree</key>
			<string>&lt;group&gt;</string>
		</dict>
		<key>38944E251CC5B29400756EA4</key>
		<dict>
			<key>buildActionMask</key>
			<string>2147483647</string>
			<key>files</key>
			<array>
				<string>38944E2E1CC5B29400756EA4</string>
			</array>
			<key>isa</key>
			<string>PBXSourcesBuildPhase</string>
			<key>runOnlyForDeploymentPostprocessing</key>
			<string>0</string>
		</dict>
		<key>38944E261CC5B29400756EA4</key>
		<dict>
			<key>buildActionMask</key>
			<string>2147483647</string>
			<key>files</key>
			<array/>
			<key>isa</key>
			<string>PBXFrameworksBuildPhase</string>
			<key>runOnlyForDeploymentPostprocessing</key>
			<string>0</string>
		</dict>
		<key>38944E271CC5B29400756EA4</key>
		<dict>
			<key>buildActionMask</key>
			<string>2147483647</string>
			<key>files</key>
			<array/>
			<key>isa</key>
			<string>PBXResourcesBuildPhase</string>
			<key>runOnlyForDeploymentPostprocessing</key>
			<string>0</string>
		</dict>
		<key>38944E281CC5B29400756EA4</key>
		<dict>
			<key>buildConfigurationList</key>
			<string>38944E401CC5B29400756EA4</string>
			<key>buildPhases</key>
			<array>
				<string>38944E251CC5B29400756EA4</string>
				<string>38944E261CC5B29400756EA4</string>
				<string>38944E271CC5B29400756EA4</string>
			</array>
			<key>buildRules</key>
			<array/>
			<key>dependencies</key>
			<array>
				<string>38944E2B1CC5B29400756EA4</string>
			</array>
			<key>isa</key>
			<string>PBXNativeTarget</string>
			<key>name</key>
			<string>mkwChatTests</string>
			<key>productName</key>
			<string>mkwChatTests</string>
			<key>productReference</key>
			<string>38944E291CC5B29400756EA4</string>
			<key>productType</key>
			<string>com.apple.product-type.bundle.unit-test</string>
		</dict>
		<key>38944E291CC5B29400756EA4</key>
		<dict>
			<key>explicitFileType</key>
			<string>wrapper.cfbundle</string>
			<key>includeInIndex</key>
			<string>0</string>
			<key>isa</key>
			<string>PBXFileReference</string>
			<key>path</key>
			<string>mkwChatTests.xctest</string>
			<key>sourceTree</key>
			<string>BUILT_PRODUCTS_DIR</string>
		</dict>
		<key>38944E2A1CC5B29400756EA4</key>
		<dict>
			<key>containerPortal</key>
			<string>38944E121CC5B29300756EA4</string>
			<key>isa</key>
			<string>PBXContainerItemProxy</string>
			<key>proxyType</key>
			<string>1</string>
			<key>remoteGlobalIDString</key>
			<string>38944E191CC5B29300756EA4</string>
			<key>remoteInfo</key>
			<string>mkwChat</string>
		</dict>
		<key>38944E2B1CC5B29400756EA4</key>
		<dict>
			<key>isa</key>
			<string>PBXTargetDependency</string>
			<key>target</key>
			<string>38944E191CC5B29300756EA4</string>
			<key>targetProxy</key>
			<string>38944E2A1CC5B29400756EA4</string>
		</dict>
		<key>38944E2C1CC5B29400756EA4</key>
		<dict>
			<key>children</key>
			<array>
				<string>38944E2D1CC5B29400756EA4</string>
				<string>38944E2F1CC5B29400756EA4</string>
			</array>
			<key>isa</key>
			<string>PBXGroup</string>
			<key>path</key>
			<string>mkwChatTests</string>
			<key>sourceTree</key>
			<string>&lt;group&gt;</string>
		</dict>
		<key>38944E2D1CC5B29400756EA4</key>
		<dict>
			<key>isa</key>
			<string>PBXFileReference</string>
			<key>lastKnownFileType</key>
			<string>sourcecode.swift</string>
			<key>path</key>
			<string>mkwChatTests.swift</string>
			<key>sourceTree</key>
			<string>&lt;group&gt;</string>
		</dict>
		<key>38944E2E1CC5B29400756EA4</key>
		<dict>
			<key>fileRef</key>
			<string>38944E2D1CC5B29400756EA4</string>
			<key>isa</key>
			<string>PBXBuildFile</string>
		</dict>
		<key>38944E2F1CC5B29400756EA4</key>
		<dict>
			<key>isa</key>
			<string>PBXFileReference</string>
			<key>lastKnownFileType</key>
			<string>text.plist.xml</string>
			<key>path</key>
			<string>Info.plist</string>
			<key>sourceTree</key>
			<string>&lt;group&gt;</string>
		</dict>
		<key>38944E301CC5B29400756EA4</key>
		<dict>
			<key>buildActionMask</key>
			<string>2147483647</string>
			<key>files</key>
			<array>
				<string>38944E391CC5B29400756EA4</string>
			</array>
			<key>isa</key>
			<string>PBXSourcesBuildPhase</string>
			<key>runOnlyForDeploymentPostprocessing</key>
			<string>0</string>
		</dict>
		<key>38944E311CC5B29400756EA4</key>
		<dict>
			<key>buildActionMask</key>
			<string>2147483647</string>
			<key>files</key>
			<array/>
			<key>isa</key>
			<string>PBXFrameworksBuildPhase</string>
			<key>runOnlyForDeploymentPostprocessing</key>
			<string>0</string>
		</dict>
		<key>38944E321CC5B29400756EA4</key>
		<dict>
			<key>buildActionMask</key>
			<string>2147483647</string>
			<key>files</key>
			<array/>
			<key>isa</key>
			<string>PBXResourcesBuildPhase</string>
			<key>runOnlyForDeploymentPostprocessing</key>
			<string>0</string>
		</dict>
		<key>38944E331CC5B29400756EA4</key>
		<dict>
			<key>buildConfigurationList</key>
			<string>38944E431CC5B29400756EA4</string>
			<key>buildPhases</key>
			<array>
				<string>38944E301CC5B29400756EA4</string>
				<string>38944E311CC5B29400756EA4</string>
				<string>38944E321CC5B29400756EA4</string>
			</array>
			<key>buildRules</key>
			<array/>
			<key>dependencies</key>
			<array>
				<string>38944E361CC5B29400756EA4</string>
			</array>
			<key>isa</key>
			<string>PBXNativeTarget</string>
			<key>name</key>
			<string>mkwChatUITests</string>
			<key>productName</key>
			<string>mkwChatUITests</string>
			<key>productReference</key>
			<string>38944E341CC5B29400756EA4</string>
			<key>productType</key>
			<string>com.apple.product-type.bundle.ui-testing</string>
		</dict>
		<key>38944E341CC5B29400756EA4</key>
		<dict>
			<key>explicitFileType</key>
			<string>wrapper.cfbundle</string>
			<key>includeInIndex</key>
			<string>0</string>
			<key>isa</key>
			<string>PBXFileReference</string>
			<key>path</key>
			<string>mkwChatUITests.xctest</string>
			<key>sourceTree</key>
			<string>BUILT_PRODUCTS_DIR</string>
		</dict>
		<key>38944E351CC5B29400756EA4</key>
		<dict>
			<key>containerPortal</key>
			<string>38944E121CC5B29300756EA4</string>
			<key>isa</key>
			<string>PBXContainerItemProxy</string>
			<key>proxyType</key>
			<string>1</string>
			<key>remoteGlobalIDString</key>
			<string>38944E191CC5B29300756EA4</string>
			<key>remoteInfo</key>
			<string>mkwChat</string>
		</dict>
		<key>38944E361CC5B29400756EA4</key>
		<dict>
			<key>isa</key>
			<string>PBXTargetDependency</string>
			<key>target</key>
			<string>38944E191CC5B29300756EA4</string>
			<key>targetProxy</key>
			<string>38944E351CC5B29400756EA4</string>
		</dict>
		<key>38944E371CC5B29400756EA4</key>
		<dict>
			<key>children</key>
			<array>
				<string>38944E381CC5B29400756EA4</string>
				<string>38944E3A1CC5B29400756EA4</string>
			</array>
			<key>isa</key>
			<string>PBXGroup</string>
			<key>path</key>
			<string>mkwChatUITests</string>
			<key>sourceTree</key>
			<string>&lt;group&gt;</string>
		</dict>
		<key>38944E381CC5B29400756EA4</key>
		<dict>
			<key>isa</key>
			<string>PBXFileReference</string>
			<key>lastKnownFileType</key>
			<string>sourcecode.swift</string>
			<key>path</key>
			<string>mkwChatUITests.swift</string>
			<key>sourceTree</key>
			<string>&lt;group&gt;</string>
		</dict>
		<key>38944E391CC5B29400756EA4</key>
		<dict>
			<key>fileRef</key>
			<string>38944E381CC5B29400756EA4</string>
			<key>isa</key>
			<string>PBXBuildFile</string>
		</dict>
		<key>38944E3A1CC5B29400756EA4</key>
		<dict>
			<key>isa</key>
			<string>PBXFileReference</string>
			<key>lastKnownFileType</key>
			<string>text.plist.xml</string>
			<key>path</key>
			<string>Info.plist</string>
			<key>sourceTree</key>
			<string>&lt;group&gt;</string>
		</dict>
		<key>38944E3B1CC5B29400756EA4</key>
		<dict>
			<key>buildSettings</key>
			<dict>
				<key>ALWAYS_SEARCH_USER_PATHS</key>
				<string>NO</string>
				<key>CLANG_ANALYZER_NONNULL</key>
				<string>YES</string>
				<key>CLANG_CXX_LANGUAGE_STANDARD</key>
				<string>gnu++0x</string>
				<key>CLANG_CXX_LIBRARY</key>
				<string>libc++</string>
				<key>CLANG_ENABLE_MODULES</key>
				<string>YES</string>
				<key>CLANG_ENABLE_OBJC_ARC</key>
				<string>YES</string>
				<key>CLANG_WARN_BOOL_CONVERSION</key>
				<string>YES</string>
				<key>CLANG_WARN_CONSTANT_CONVERSION</key>
				<string>YES</string>
				<key>CLANG_WARN_DIRECT_OBJC_ISA_USAGE</key>
				<string>YES_ERROR</string>
				<key>CLANG_WARN_EMPTY_BODY</key>
				<string>YES</string>
				<key>CLANG_WARN_ENUM_CONVERSION</key>
				<string>YES</string>
				<key>CLANG_WARN_INT_CONVERSION</key>
				<string>YES</string>
				<key>CLANG_WARN_OBJC_ROOT_CLASS</key>
				<string>YES_ERROR</string>
				<key>CLANG_WARN_UNREACHABLE_CODE</key>
				<string>YES</string>
				<key>CLANG_WARN__DUPLICATE_METHOD_MATCH</key>
				<string>YES</string>
				<key>CODE_SIGN_IDENTITY</key>
				<string>-</string>
				<key>COPY_PHASE_STRIP</key>
				<string>NO</string>
				<key>DEBUG_INFORMATION_FORMAT</key>
				<string>dwarf</string>
				<key>ENABLE_STRICT_OBJC_MSGSEND</key>
				<string>YES</string>
				<key>ENABLE_TESTABILITY</key>
				<string>YES</string>
				<key>GCC_C_LANGUAGE_STANDARD</key>
				<string>gnu99</string>
				<key>GCC_DYNAMIC_NO_PIC</key>
				<string>NO</string>
				<key>GCC_NO_COMMON_BLOCKS</key>
				<string>YES</string>
				<key>GCC_OPTIMIZATION_LEVEL</key>
				<string>0</string>
				<key>GCC_PREPROCESSOR_DEFINITIONS</key>
				<array>
					<string>DEBUG=1</string>
					<string>$(inherited)</string>
				</array>
				<key>GCC_WARN_64_TO_32_BIT_CONVERSION</key>
				<string>YES</string>
				<key>GCC_WARN_ABOUT_RETURN_TYPE</key>
				<string>YES_ERROR</string>
				<key>GCC_WARN_UNDECLARED_SELECTOR</key>
				<string>YES</string>
				<key>GCC_WARN_UNINITIALIZED_AUTOS</key>
				<string>YES_AGGRESSIVE</string>
				<key>GCC_WARN_UNUSED_FUNCTION</key>
				<string>YES</string>
				<key>GCC_WARN_UNUSED_VARIABLE</key>
				<string>YES</string>
				<key>MACOSX_DEPLOYMENT_TARGET</key>
				<string>10.11</string>
				<key>MTL_ENABLE_DEBUG_INFO</key>
				<string>YES</string>
				<key>ONLY_ACTIVE_ARCH</key>
				<string>YES</string>
				<key>SDKROOT</key>
				<string>macosx</string>
				<key>SWIFT_OPTIMIZATION_LEVEL</key>
				<string>-Onone</string>
			</dict>
			<key>isa</key>
			<string>XCBuildConfiguration</string>
			<key>name</key>
			<string>Debug</string>
		</dict>
		<key>38944E3C1CC5B29400756EA4</key>
		<dict>
			<key>buildSettings</key>
			<dict>
				<key>ALWAYS_SEARCH_USER_PATHS</key>
				<string>NO</string>
				<key>CLANG_ANALYZER_NONNULL</key>
				<string>YES</string>
				<key>CLANG_CXX_LANGUAGE_STANDARD</key>
				<string>gnu++0x</string>
				<key>CLANG_CXX_LIBRARY</key>
				<string>libc++</string>
				<key>CLANG_ENABLE_MODULES</key>
				<string>YES</string>
				<key>CLANG_ENABLE_OBJC_ARC</key>
				<string>YES</string>
				<key>CLANG_WARN_BOOL_CONVERSION</key>
				<string>YES</string>
				<key>CLANG_WARN_CONSTANT_CONVERSION</key>
				<string>YES</string>
				<key>CLANG_WARN_DIRECT_OBJC_ISA_USAGE</key>
				<string>YES_ERROR</string>
				<key>CLANG_WARN_EMPTY_BODY</key>
				<string>YES</string>
				<key>CLANG_WARN_ENUM_CONVERSION</key>
				<string>YES</string>
				<key>CLANG_WARN_INT_CONVERSION</key>
				<string>YES</string>
				<key>CLANG_WARN_OBJC_ROOT_CLASS</key>
				<string>YES_ERROR</string>
				<key>CLANG_WARN_UNREACHABLE_CODE</key>
				<string>YES</string>
				<key>CLANG_WARN__DUPLICATE_METHOD_MATCH</key>
				<string>YES</string>
				<key>CODE_SIGN_IDENTITY</key>
				<string>-</string>
				<key>COPY_PHASE_STRIP</key>
				<string>NO</string>
				<key>DEBUG_INFORMATION_FORMAT</key>
				<string>dwarf-with-dsym</string>
				<key>ENABLE_NS_ASSERTIONS</key>
				<string>NO</string>
				<key>ENABLE_STRICT_OBJC_MSGSEND</key>
				<string>YES</string>
				<key>GCC_C_LANGUAGE_STANDARD</key>
				<string>gnu99</string>
				<key>GCC_NO_COMMON_BLOCKS</key>
				<string>YES</string>
				<key>GCC_WARN_64_TO_32_BIT_CONVERSION</key>
				<string>YES</string>
				<key>GCC_WARN_ABOUT_RETURN_TYPE</key>
				<string>YES_ERROR</string>
				<key>GCC_WARN_UNDECLARED_SELECTOR</key>
				<string>YES</string>
				<key>GCC_WARN_UNINITIALIZED_AUTOS</key>
				<string>YES_AGGRESSIVE</string>
				<key>GCC_WARN_UNUSED_FUNCTION</key>
				<string>YES</string>
				<key>GCC_WARN_UNUSED_VARIABLE</key>
				<string>YES</string>
				<key>MACOSX_DEPLOYMENT_TARGET</key>
				<string>10.11</string>
				<key>MTL_ENABLE_DEBUG_INFO</key>
				<string>NO</string>
				<key>SDKROOT</key>
				<string>macosx</string>
			</dict>
			<key>isa</key>
			<string>XCBuildConfiguration</string>
			<key>name</key>
			<string>Release</string>
		</dict>
		<key>38944E3D1CC5B29400756EA4</key>
		<dict>
			<key>buildConfigurations</key>
			<array>
				<string>38944E3E1CC5B29400756EA4</string>
				<string>38944E3F1CC5B29400756EA4</string>
			</array>
			<key>defaultConfigurationIsVisible</key>
			<string>0</string>
			<key>defaultConfigurationName</key>
			<string>Release</string>
			<key>isa</key>
			<string>XCConfigurationList</string>
		</dict>
		<key>38944E3E1CC5B29400756EA4</key>
		<dict>
			<key>baseConfigurationReference</key>
			<string>9C7E826A7FEB6F6ECBC85EBF</string>
			<key>buildSettings</key>
			<dict>
				<key>ASSETCATALOG_COMPILER_APPICON_NAME</key>
				<string>AppIcon</string>
				<key>CLANG_ENABLE_MODULES</key>
				<string>YES</string>
				<key>COMBINE_HIDPI_IMAGES</key>
				<string>YES</string>
				<key>EMBEDDED_CONTENT_CONTAINS_SWIFT</key>
				<string>YES</string>
				<key>INFOPLIST_FILE</key>
				<string>mkwChat/Info.plist</string>
				<key>LD_RUNPATH_SEARCH_PATHS</key>
				<string>$(inherited) @executable_path/../Frameworks</string>
				<key>ONLY_ACTIVE_ARCH</key>
				<string>NO</string>
				<key>PRODUCT_BUNDLE_IDENTIFIER</key>
				<string>wilfert2.swiftdevs.mkwChat</string>
				<key>PRODUCT_NAME</key>
				<string>$(TARGET_NAME)</string>
				<key>SWIFT_OBJC_BRIDGING_HEADER</key>
				<string>mkwChat-Bridging-Header.h</string>
				<key>SWIFT_OPTIMIZATION_LEVEL</key>
				<string>-Onone</string>
			</dict>
			<key>isa</key>
			<string>XCBuildConfiguration</string>
			<key>name</key>
			<string>Debug</string>
		</dict>
		<key>38944E3F1CC5B29400756EA4</key>
		<dict>
			<key>baseConfigurationReference</key>
			<string>392A124E7C8ED709320EB45E</string>
			<key>buildSettings</key>
			<dict>
				<key>ASSETCATALOG_COMPILER_APPICON_NAME</key>
				<string>AppIcon</string>
				<key>CLANG_ENABLE_MODULES</key>
				<string>YES</string>
				<key>COMBINE_HIDPI_IMAGES</key>
				<string>YES</string>
				<key>EMBEDDED_CONTENT_CONTAINS_SWIFT</key>
				<string>YES</string>
				<key>INFOPLIST_FILE</key>
				<string>mkwChat/Info.plist</string>
				<key>LD_RUNPATH_SEARCH_PATHS</key>
				<string>$(inherited) @executable_path/../Frameworks</string>
				<key>ONLY_ACTIVE_ARCH</key>
				<string>NO</string>
				<key>PRODUCT_BUNDLE_IDENTIFIER</key>
				<string>wilfert2.swiftdevs.mkwChat</string>
				<key>PRODUCT_NAME</key>
				<string>$(TARGET_NAME)</string>
				<key>SWIFT_OBJC_BRIDGING_HEADER</key>
				<string>mkwChat-Bridging-Header.h</string>
			</dict>
			<key>isa</key>
			<string>XCBuildConfiguration</string>
			<key>name</key>
			<string>Release</string>
		</dict>
		<key>38944E401CC5B29400756EA4</key>
		<dict>
			<key>buildConfigurations</key>
			<array>
				<string>38944E411CC5B29400756EA4</string>
				<string>38944E421CC5B29400756EA4</string>
			</array>
			<key>defaultConfigurationIsVisible</key>
			<string>0</string>
			<key>defaultConfigurationName</key>
			<string>Release</string>
			<key>isa</key>
			<string>XCConfigurationList</string>
		</dict>
		<key>38944E411CC5B29400756EA4</key>
		<dict>
			<key>buildSettings</key>
			<dict>
				<key>BUNDLE_LOADER</key>
				<string>$(TEST_HOST)</string>
				<key>COMBINE_HIDPI_IMAGES</key>
				<string>YES</string>
				<key>INFOPLIST_FILE</key>
				<string>mkwChatTests/Info.plist</string>
				<key>LD_RUNPATH_SEARCH_PATHS</key>
				<string>$(inherited) @executable_path/../Frameworks @loader_path/../Frameworks</string>
				<key>PRODUCT_BUNDLE_IDENTIFIER</key>
				<string>wilfert2.swiftdevs.mkwChatTests</string>
				<key>PRODUCT_NAME</key>
				<string>$(TARGET_NAME)</string>
				<key>TEST_HOST</key>
				<string>$(BUILT_PRODUCTS_DIR)/mkwChat.app/Contents/MacOS/mkwChat</string>
			</dict>
			<key>isa</key>
			<string>XCBuildConfiguration</string>
			<key>name</key>
			<string>Debug</string>
		</dict>
		<key>38944E421CC5B29400756EA4</key>
		<dict>
			<key>buildSettings</key>
			<dict>
				<key>BUNDLE_LOADER</key>
				<string>$(TEST_HOST)</string>
				<key>COMBINE_HIDPI_IMAGES</key>
				<string>YES</string>
				<key>INFOPLIST_FILE</key>
				<string>mkwChatTests/Info.plist</string>
				<key>LD_RUNPATH_SEARCH_PATHS</key>
				<string>$(inherited) @executable_path/../Frameworks @loader_path/../Frameworks</string>
				<key>PRODUCT_BUNDLE_IDENTIFIER</key>
				<string>wilfert2.swiftdevs.mkwChatTests</string>
				<key>PRODUCT_NAME</key>
				<string>$(TARGET_NAME)</string>
				<key>TEST_HOST</key>
				<string>$(BUILT_PRODUCTS_DIR)/mkwChat.app/Contents/MacOS/mkwChat</string>
			</dict>
			<key>isa</key>
			<string>XCBuildConfiguration</string>
			<key>name</key>
			<string>Release</string>
		</dict>
		<key>38944E431CC5B29400756EA4</key>
		<dict>
			<key>buildConfigurations</key>
			<array>
				<string>38944E441CC5B29400756EA4</string>
				<string>38944E451CC5B29400756EA4</string>
			</array>
			<key>defaultConfigurationIsVisible</key>
			<string>0</string>
			<key>defaultConfigurationName</key>
			<string>Release</string>
			<key>isa</key>
			<string>XCConfigurationList</string>
		</dict>
		<key>38944E441CC5B29400756EA4</key>
		<dict>
			<key>buildSettings</key>
			<dict>
				<key>COMBINE_HIDPI_IMAGES</key>
				<string>YES</string>
				<key>INFOPLIST_FILE</key>
				<string>mkwChatUITests/Info.plist</string>
				<key>LD_RUNPATH_SEARCH_PATHS</key>
				<string>$(inherited) @executable_path/../Frameworks @loader_path/../Frameworks</string>
				<key>PRODUCT_BUNDLE_IDENTIFIER</key>
				<string>wilfert2.swiftdevs.mkwChatUITests</string>
				<key>PRODUCT_NAME</key>
				<string>$(TARGET_NAME)</string>
				<key>TEST_TARGET_NAME</key>
				<string>mkwChat</string>
			</dict>
			<key>isa</key>
			<string>XCBuildConfiguration</string>
			<key>name</key>
			<string>Debug</string>
		</dict>
		<key>38944E451CC5B29400756EA4</key>
		<dict>
			<key>buildSettings</key>
			<dict>
				<key>COMBINE_HIDPI_IMAGES</key>
				<string>YES</string>
				<key>INFOPLIST_FILE</key>
				<string>mkwChatUITests/Info.plist</string>
				<key>LD_RUNPATH_SEARCH_PATHS</key>
				<string>$(inherited) @executable_path/../Frameworks @loader_path/../Frameworks</string>
				<key>PRODUCT_BUNDLE_IDENTIFIER</key>
				<string>wilfert2.swiftdevs.mkwChatUITests</string>
				<key>PRODUCT_NAME</key>
				<string>$(TARGET_NAME)</string>
				<key>TEST_TARGET_NAME</key>
				<string>mkwChat</string>
			</dict>
			<key>isa</key>
			<string>XCBuildConfiguration</string>
			<key>name</key>
			<string>Release</string>
		</dict>
		<key>38944E4D1CC5B5CF00756EA4</key>
		<dict>
			<key>fileEncoding</key>
			<string>4</string>
			<key>isa</key>
			<string>PBXFileReference</string>
			<key>lastKnownFileType</key>
			<string>sourcecode.swift</string>
			<key>name</key>
			<string>Package.swift</string>
			<key>path</key>
			<string>mkwChat/Package.swift</string>
			<key>sourceTree</key>
			<string>&lt;group&gt;</string>
		</dict>
		<key>38944E4E1CC5B5CF00756EA4</key>
		<dict>
			<key>fileRef</key>
			<string>38944E4D1CC5B5CF00756EA4</string>
			<key>isa</key>
			<string>PBXBuildFile</string>
		</dict>
		<key>38944E551CC5B8E200756EA4</key>
		<dict>
			<key>children</key>
			<array>
				<string>3827A6981CC759BC008B6735</string>
				<string>3827A6991CC759BC008B6735</string>
				<string>3827A69A1CC759BC008B6735</string>
				<string>3827A69B1CC759BC008B6735</string>
				<string>3827A6A91CC76048008B6735</string>
				<string>3827A69C1CC759BC008B6735</string>
				<string>3827A69D1CC759BC008B6735</string>
				<string>3827A69E1CC759BC008B6735</string>
				<string>3827A69F1CC759BC008B6735</string>
				<string>38944EAC1CC5CC1200756EA4</string>
				<string>38FDE4771CC8A429000E4404</string>
				<string>38944EAD1CC5CC1200756EA4</string>
				<string>38944EAA1CC5C80D00756EA4</string>
				<string>38944E801CC5B93700756EA4</string>
				<string>38944E811CC5B93700756EA4</string>
				<string>38944E821CC5B93700756EA4</string>
				<string>38944E831CC5B93700756EA4</string>
				<string>38944E841CC5B93700756EA4</string>
				<string>38944E851CC5B93700756EA4</string>
				<string>38944E861CC5B93700756EA4</string>
				<string>38944E871CC5B93700756EA4</string>
				<string>38944E881CC5B93700756EA4</string>
				<string>38944E891CC5B93700756EA4</string>
				<string>38944E8A1CC5B93700756EA4</string>
				<string>38944E8B1CC5B93700756EA4</string>
				<string>38944E8C1CC5B93700756EA4</string>
				<string>3827A6A71CC75FAC008B6735</string>
				<string>38944E8D1CC5B93700756EA4</string>
				<string>38944E8E1CC5B93700756EA4</string>
				<string>38944E8F1CC5B93700756EA4</string>
				<string>38944E901CC5B93700756EA4</string>
				<string>38944E911CC5B93700756EA4</string>
				<string>38944E921CC5B93700756EA4</string>
				<string>38944E931CC5B93700756EA4</string>
				<string>38944EAB1CC5CC1100756EA4</string>
				<string>38944EB01CC5CCF100756EA4</string>
			</array>
			<key>isa</key>
			<string>PBXGroup</string>
			<key>name</key>
			<string>Source</string>
			<key>sourceTree</key>
			<string>&lt;group&gt;</string>
		</dict>
		<key>38944E801CC5B93700756EA4</key>
		<dict>
			<key>fileEncoding</key>
			<string>4</string>
			<key>isa</key>
			<string>PBXFileReference</string>
			<key>lastKnownFileType</key>
			<string>sourcecode.swift</string>
			<key>path</key>
			<string>SocketAckEmitter.swift</string>
			<key>sourceTree</key>
			<string>&lt;group&gt;</string>
		</dict>
		<key>38944E811CC5B93700756EA4</key>
		<dict>
			<key>fileEncoding</key>
			<string>4</string>
			<key>isa</key>
			<string>PBXFileReference</string>
			<key>lastKnownFileType</key>
			<string>sourcecode.swift</string>
			<key>path</key>
			<string>SocketAckManager.swift</string>
			<key>sourceTree</key>
			<string>&lt;group&gt;</string>
		</dict>
		<key>38944E821CC5B93700756EA4</key>
		<dict>
			<key>fileEncoding</key>
			<string>4</string>
			<key>isa</key>
			<string>PBXFileReference</string>
			<key>lastKnownFileType</key>
			<string>sourcecode.swift</string>
			<key>path</key>
			<string>SocketAnyEvent.swift</string>
			<key>sourceTree</key>
			<string>&lt;group&gt;</string>
		</dict>
		<key>38944E831CC5B93700756EA4</key>
		<dict>
			<key>fileEncoding</key>
			<string>4</string>
			<key>isa</key>
			<string>PBXFileReference</string>
			<key>lastKnownFileType</key>
			<string>sourcecode.swift</string>
			<key>path</key>
			<string>SocketClientSpec.swift</string>
			<key>sourceTree</key>
			<string>&lt;group&gt;</string>
		</dict>
		<key>38944E841CC5B93700756EA4</key>
		<dict>
			<key>fileEncoding</key>
			<string>4</string>
			<key>isa</key>
			<string>PBXFileReference</string>
			<key>lastKnownFileType</key>
			<string>sourcecode.swift</string>
			<key>path</key>
			<string>SocketEngine.swift</string>
			<key>sourceTree</key>
			<string>&lt;group&gt;</string>
		</dict>
		<key>38944E851CC5B93700756EA4</key>
		<dict>
			<key>fileEncoding</key>
			<string>4</string>
			<key>isa</key>
			<string>PBXFileReference</string>
			<key>lastKnownFileType</key>
			<string>sourcecode.swift</string>
			<key>path</key>
			<string>SocketEngineClient.swift</string>
			<key>sourceTree</key>
			<string>&lt;group&gt;</string>
		</dict>
		<key>38944E861CC5B93700756EA4</key>
		<dict>
			<key>fileEncoding</key>
			<string>4</string>
			<key>isa</key>
			<string>PBXFileReference</string>
			<key>lastKnownFileType</key>
			<string>sourcecode.swift</string>
			<key>path</key>
			<string>SocketEnginePacketType.swift</string>
			<key>sourceTree</key>
			<string>&lt;group&gt;</string>
		</dict>
		<key>38944E871CC5B93700756EA4</key>
		<dict>
			<key>fileEncoding</key>
			<string>4</string>
			<key>isa</key>
			<string>PBXFileReference</string>
			<key>lastKnownFileType</key>
			<string>sourcecode.swift</string>
			<key>path</key>
			<string>SocketEnginePollable.swift</string>
			<key>sourceTree</key>
			<string>&lt;group&gt;</string>
		</dict>
		<key>38944E881CC5B93700756EA4</key>
		<dict>
			<key>fileEncoding</key>
			<string>4</string>
			<key>isa</key>
			<string>PBXFileReference</string>
			<key>lastKnownFileType</key>
			<string>sourcecode.swift</string>
			<key>path</key>
			<string>SocketEngineSpec.swift</string>
			<key>sourceTree</key>
			<string>&lt;group&gt;</string>
		</dict>
		<key>38944E891CC5B93700756EA4</key>
		<dict>
			<key>fileEncoding</key>
			<string>4</string>
			<key>isa</key>
			<string>PBXFileReference</string>
			<key>lastKnownFileType</key>
			<string>sourcecode.swift</string>
			<key>path</key>
			<string>SocketEngineWebsocket.swift</string>
			<key>sourceTree</key>
			<string>&lt;group&gt;</string>
		</dict>
		<key>38944E8A1CC5B93700756EA4</key>
		<dict>
			<key>fileEncoding</key>
			<string>4</string>
			<key>isa</key>
			<string>PBXFileReference</string>
			<key>lastKnownFileType</key>
			<string>sourcecode.swift</string>
			<key>path</key>
			<string>SocketEventHandler.swift</string>
			<key>sourceTree</key>
			<string>&lt;group&gt;</string>
		</dict>
		<key>38944E8B1CC5B93700756EA4</key>
		<dict>
			<key>fileEncoding</key>
			<string>4</string>
			<key>isa</key>
			<string>PBXFileReference</string>
			<key>lastKnownFileType</key>
			<string>sourcecode.swift</string>
			<key>path</key>
			<string>SocketIOClient.swift</string>
			<key>sourceTree</key>
			<string>&lt;group&gt;</string>
		</dict>
		<key>38944E8C1CC5B93700756EA4</key>
		<dict>
			<key>fileEncoding</key>
			<string>4</string>
			<key>isa</key>
			<string>PBXFileReference</string>
			<key>lastKnownFileType</key>
			<string>sourcecode.swift</string>
			<key>path</key>
			<string>SocketIOClientOption.swift</string>
			<key>sourceTree</key>
			<string>&lt;group&gt;</string>
		</dict>
		<key>38944E8D1CC5B93700756EA4</key>
		<dict>
			<key>fileEncoding</key>
			<string>4</string>
			<key>isa</key>
			<string>PBXFileReference</string>
			<key>lastKnownFileType</key>
			<string>sourcecode.swift</string>
			<key>path</key>
			<string>SocketIOClientStatus.swift</string>
			<key>sourceTree</key>
			<string>&lt;group&gt;</string>
		</dict>
		<key>38944E8E1CC5B93700756EA4</key>
		<dict>
			<key>fileEncoding</key>
			<string>4</string>
			<key>isa</key>
			<string>PBXFileReference</string>
			<key>lastKnownFileType</key>
			<string>sourcecode.swift</string>
			<key>path</key>
			<string>SocketLogger.swift</string>
			<key>sourceTree</key>
			<string>&lt;group&gt;</string>
		</dict>
		<key>38944E8F1CC5B93700756EA4</key>
		<dict>
			<key>fileEncoding</key>
			<string>4</string>
			<key>isa</key>
			<string>PBXFileReference</string>
			<key>lastKnownFileType</key>
			<string>sourcecode.swift</string>
			<key>path</key>
			<string>SocketPacket.swift</string>
			<key>sourceTree</key>
			<string>&lt;group&gt;</string>
		</dict>
		<key>38944E901CC5B93700756EA4</key>
		<dict>
			<key>fileEncoding</key>
			<string>4</string>
			<key>isa</key>
			<string>PBXFileReference</string>
			<key>lastKnownFileType</key>
			<string>sourcecode.swift</string>
			<key>path</key>
			<string>SocketParsable.swift</string>
			<key>sourceTree</key>
			<string>&lt;group&gt;</string>
		</dict>
		<key>38944E911CC5B93700756EA4</key>
		<dict>
			<key>fileEncoding</key>
			<string>4</string>
			<key>isa</key>
			<string>PBXFileReference</string>
			<key>lastKnownFileType</key>
			<string>sourcecode.swift</string>
			<key>path</key>
			<string>SocketStringReader.swift</string>
			<key>sourceTree</key>
			<string>&lt;group&gt;</string>
		</dict>
		<key>38944E921CC5B93700756EA4</key>
		<dict>
			<key>fileEncoding</key>
			<string>4</string>
			<key>isa</key>
			<string>PBXFileReference</string>
			<key>lastKnownFileType</key>
			<string>sourcecode.swift</string>
			<key>path</key>
			<string>SocketTypes.swift</string>
			<key>sourceTree</key>
			<string>&lt;group&gt;</string>
		</dict>
		<key>38944E931CC5B93700756EA4</key>
		<dict>
			<key>fileEncoding</key>
			<string>4</string>
			<key>isa</key>
			<string>PBXFileReference</string>
			<key>lastKnownFileType</key>
			<string>sourcecode.swift</string>
			<key>path</key>
			<string>SwiftRegex.swift</string>
			<key>sourceTree</key>
			<string>&lt;group&gt;</string>
		</dict>
		<key>38944E951CC5B93700756EA4</key>
		<dict>
			<key>fileRef</key>
			<string>38944E801CC5B93700756EA4</string>
			<key>isa</key>
			<string>PBXBuildFile</string>
		</dict>
		<key>38944E961CC5B93700756EA4</key>
		<dict>
			<key>fileRef</key>
			<string>38944E811CC5B93700756EA4</string>
			<key>isa</key>
			<string>PBXBuildFile</string>
		</dict>
		<key>38944E971CC5B93700756EA4</key>
		<dict>
			<key>fileRef</key>
			<string>38944E821CC5B93700756EA4</string>
			<key>isa</key>
			<string>PBXBuildFile</string>
		</dict>
		<key>38944E981CC5B93700756EA4</key>
		<dict>
			<key>fileRef</key>
			<string>38944E831CC5B93700756EA4</string>
			<key>isa</key>
			<string>PBXBuildFile</string>
		</dict>
		<key>38944E991CC5B93700756EA4</key>
		<dict>
			<key>fileRef</key>
			<string>38944E841CC5B93700756EA4</string>
			<key>isa</key>
			<string>PBXBuildFile</string>
		</dict>
		<key>38944E9A1CC5B93700756EA4</key>
		<dict>
			<key>fileRef</key>
			<string>38944E851CC5B93700756EA4</string>
			<key>isa</key>
			<string>PBXBuildFile</string>
		</dict>
		<key>38944E9B1CC5B93700756EA4</key>
		<dict>
			<key>fileRef</key>
			<string>38944E861CC5B93700756EA4</string>
			<key>isa</key>
			<string>PBXBuildFile</string>
		</dict>
		<key>38944E9C1CC5B93700756EA4</key>
		<dict>
			<key>fileRef</key>
			<string>38944E871CC5B93700756EA4</string>
			<key>isa</key>
			<string>PBXBuildFile</string>
		</dict>
		<key>38944E9D1CC5B93700756EA4</key>
		<dict>
			<key>fileRef</key>
			<string>38944E881CC5B93700756EA4</string>
			<key>isa</key>
			<string>PBXBuildFile</string>
		</dict>
		<key>38944E9E1CC5B93700756EA4</key>
		<dict>
			<key>fileRef</key>
			<string>38944E891CC5B93700756EA4</string>
			<key>isa</key>
			<string>PBXBuildFile</string>
		</dict>
		<key>38944E9F1CC5B93700756EA4</key>
		<dict>
			<key>fileRef</key>
			<string>38944E8A1CC5B93700756EA4</string>
			<key>isa</key>
			<string>PBXBuildFile</string>
		</dict>
		<key>38944EA01CC5B93700756EA4</key>
		<dict>
			<key>fileRef</key>
			<string>38944E8B1CC5B93700756EA4</string>
			<key>isa</key>
			<string>PBXBuildFile</string>
		</dict>
		<key>38944EA11CC5B93700756EA4</key>
		<dict>
			<key>fileRef</key>
			<string>38944E8C1CC5B93700756EA4</string>
			<key>isa</key>
			<string>PBXBuildFile</string>
		</dict>
		<key>38944EA21CC5B93700756EA4</key>
		<dict>
			<key>fileRef</key>
			<string>38944E8D1CC5B93700756EA4</string>
			<key>isa</key>
			<string>PBXBuildFile</string>
		</dict>
		<key>38944EA31CC5B93700756EA4</key>
		<dict>
			<key>fileRef</key>
			<string>38944E8E1CC5B93700756EA4</string>
			<key>isa</key>
			<string>PBXBuildFile</string>
		</dict>
		<key>38944EA41CC5B93700756EA4</key>
		<dict>
			<key>fileRef</key>
			<string>38944E8F1CC5B93700756EA4</string>
			<key>isa</key>
			<string>PBXBuildFile</string>
		</dict>
		<key>38944EA51CC5B93700756EA4</key>
		<dict>
			<key>fileRef</key>
			<string>38944E901CC5B93700756EA4</string>
			<key>isa</key>
			<string>PBXBuildFile</string>
		</dict>
		<key>38944EA61CC5B93700756EA4</key>
		<dict>
			<key>fileRef</key>
			<string>38944E911CC5B93700756EA4</string>
			<key>isa</key>
			<string>PBXBuildFile</string>
		</dict>
		<key>38944EA71CC5B93700756EA4</key>
		<dict>
			<key>fileRef</key>
			<string>38944E921CC5B93700756EA4</string>
			<key>isa</key>
			<string>PBXBuildFile</string>
		</dict>
		<key>38944EA81CC5B93700756EA4</key>
		<dict>
			<key>fileRef</key>
			<string>38944E931CC5B93700756EA4</string>
			<key>isa</key>
			<string>PBXBuildFile</string>
		</dict>
		<key>38944EAA1CC5C80D00756EA4</key>
		<dict>
			<key>isa</key>
			<string>PBXFileReference</string>
			<key>lastKnownFileType</key>
			<string>sourcecode.c.h</string>
			<key>path</key>
			<string>CocoaAsyncSocket.h</string>
			<key>sourceTree</key>
			<string>&lt;group&gt;</string>
		</dict>
		<key>38944EAB1CC5CC1100756EA4</key>
		<dict>
			<key>isa</key>
			<string>PBXFileReference</string>
			<key>lastKnownFileType</key>
			<string>sourcecode.c.h</string>
			<key>path</key>
			<string>mkwChat-Bridging-Header.h</string>
			<key>sourceTree</key>
			<string>&lt;group&gt;</string>
		</dict>
		<key>38944EAC1CC5CC1200756EA4</key>
		<dict>
			<key>fileEncoding</key>
			<string>4</string>
			<key>isa</key>
			<string>PBXFileReference</string>
			<key>lastKnownFileType</key>
			<string>sourcecode.swift</string>
			<key>path</key>
			<string>ysocket.swift</string>
			<key>sourceTree</key>
			<string>&lt;group&gt;</string>
		</dict>
		<key>38944EAD1CC5CC1200756EA4</key>
		<dict>
			<key>fileEncoding</key>
			<string>4</string>
			<key>isa</key>
			<string>PBXFileReference</string>
			<key>lastKnownFileType</key>
			<string>sourcecode.c.c</string>
			<key>path</key>
			<string>ytcpsocket.c</string>
			<key>sourceTree</key>
			<string>&lt;group&gt;</string>
		</dict>
		<key>38944EAE1CC5CC1200756EA4</key>
		<dict>
			<key>fileRef</key>
			<string>38944EAC1CC5CC1200756EA4</string>
			<key>isa</key>
			<string>PBXBuildFile</string>
		</dict>
		<key>38944EAF1CC5CC1200756EA4</key>
		<dict>
			<key>fileRef</key>
			<string>38944EAD1CC5CC1200756EA4</string>
			<key>isa</key>
			<string>PBXBuildFile</string>
		</dict>
		<key>38944EB01CC5CCF100756EA4</key>
		<dict>
			<key>fileEncoding</key>
			<string>4</string>
			<key>isa</key>
			<string>PBXFileReference</string>
			<key>lastKnownFileType</key>
			<string>sourcecode.swift</string>
			<key>path</key>
			<string>ytcpsocket.swift</string>
			<key>sourceTree</key>
			<string>&lt;group&gt;</string>
		</dict>
		<key>38944EB11CC5CCF100756EA4</key>
		<dict>
			<key>fileRef</key>
			<string>38944EB01CC5CCF100756EA4</string>
			<key>isa</key>
			<string>PBXBuildFile</string>
		</dict>
		<key>38B9FD721CC95CD10033D3C6</key>
		<dict>
			<key>buildActionMask</key>
			<string>2147483647</string>
			<key>dstPath</key>
			<string></string>
			<key>dstSubfolderSpec</key>
			<string>10</string>
			<key>files</key>
			<array/>
			<key>isa</key>
			<string>PBXCopyFilesBuildPhase</string>
			<key>name</key>
			<string>Embed Frameworks</string>
			<key>runOnlyForDeploymentPostprocessing</key>
			<string>0</string>
		</dict>
		<key>38FDE4771CC8A429000E4404</key>
		<dict>
			<key>fileEncoding</key>
			<string>4</string>
			<key>isa</key>
			<string>PBXFileReference</string>
			<key>lastKnownFileType</key>
			<string>sourcecode.swift</string>
			<key>path</key>
			<string>Encryption.swift</string>
			<key>sourceTree</key>
			<string>&lt;group&gt;</string>
		</dict>
		<key>38FDE4781CC8A429000E4404</key>
		<dict>
			<key>fileRef</key>
			<string>38FDE4771CC8A429000E4404</string>
			<key>isa</key>
			<string>PBXBuildFile</string>
		</dict>
		<key>38FDE47D1CC8B341000E4404</key>
		<dict>
			<key>fileEncoding</key>
			<string>4</string>
			<key>isa</key>
			<string>PBXFileReference</string>
			<key>lastKnownFileType</key>
			<string>file.xib</string>
			<key>path</key>
			<string>MainMenu.xib</string>
			<key>sourceTree</key>
			<string>&lt;group&gt;</string>
		</dict>
		<key>38FDE47E1CC8B341000E4404</key>
		<dict>
			<key>fileRef</key>
			<string>38FDE47D1CC8B341000E4404</string>
			<key>isa</key>
			<string>PBXBuildFile</string>
		</dict>
		<key>392A124E7C8ED709320EB45E</key>
		<dict>
			<key>includeInIndex</key>
			<string>1</string>
			<key>isa</key>
			<string>PBXFileReference</string>
			<key>lastKnownFileType</key>
			<string>text.xcconfig</string>
			<key>name</key>
			<string>Pods.release.xcconfig</string>
			<key>path</key>
			<string>Pods/Target Support Files/Pods/Pods.release.xcconfig</string>
			<key>sourceTree</key>
			<string>&lt;group&gt;</string>
		</dict>
		<key>3C4F919E45DB7791D476A6D4</key>
		<dict>
			<key>fileRef</key>
			<string>FD1B50E29CB4A38AB5145F24</string>
			<key>isa</key>
			<string>PBXBuildFile</string>
		</dict>
		<key>6DFB890127AA2B37C7F5E512</key>
		<dict>
			<key>buildActionMask</key>
			<string>2147483647</string>
			<key>files</key>
			<array/>
			<key>inputPaths</key>
			<array/>
			<key>isa</key>
			<string>PBXShellScriptBuildPhase</string>
			<key>name</key>
			<string>Check Pods Manifest.lock</string>
			<key>outputPaths</key>
			<array/>
			<key>runOnlyForDeploymentPostprocessing</key>
			<string>0</string>
			<key>shellPath</key>
			<string>/bin/sh</string>
			<key>shellScript</key>
			<string>diff "${PODS_ROOT}/../Podfile.lock" "${PODS_ROOT}/Manifest.lock" &gt; /dev/null
if [[ $? != 0 ]] ; then
    cat &lt;&lt; EOM
error: The sandbox is not in sync with the Podfile.lock. Run 'pod install' or update your CocoaPods installation.
EOM
    exit 1
fi
</string>
			<key>showEnvVarsInLog</key>
			<string>0</string>
		</dict>
		<key>9C7E826A7FEB6F6ECBC85EBF</key>
		<dict>
			<key>includeInIndex</key>
			<string>1</string>
			<key>isa</key>
			<string>PBXFileReference</string>
			<key>lastKnownFileType</key>
			<string>text.xcconfig</string>
			<key>name</key>
			<string>Pods.debug.xcconfig</string>
			<key>path</key>
			<string>Pods/Target Support Files/Pods/Pods.debug.xcconfig</string>
			<key>sourceTree</key>
			<string>&lt;group&gt;</string>
		</dict>
		<key>9EEFE51FC19EC7512DDFC427</key>
		<dict>
			<key>buildActionMask</key>
			<string>2147483647</string>
			<key>files</key>
			<array/>
			<key>inputPaths</key>
			<array/>
			<key>isa</key>
			<string>PBXShellScriptBuildPhase</string>
			<key>name</key>
			<string>Copy Pods Resources</string>
			<key>outputPaths</key>
			<array/>
			<key>runOnlyForDeploymentPostprocessing</key>
			<string>0</string>
			<key>shellPath</key>
			<string>/bin/sh</string>
			<key>shellScript</key>
			<string>"${SRCROOT}/Pods/Target Support Files/Pods/Pods-resources.sh"
</string>
			<key>showEnvVarsInLog</key>
			<string>0</string>
		</dict>
		<key>A928F4A51FF5175D83C1E87D</key>
		<dict>
			<key>buildActionMask</key>
			<string>2147483647</string>
			<key>files</key>
			<array/>
			<key>inputPaths</key>
			<array/>
			<key>isa</key>
			<string>PBXShellScriptBuildPhase</string>
			<key>name</key>
			<string>Embed Pods Frameworks</string>
			<key>outputPaths</key>
			<array/>
			<key>runOnlyForDeploymentPostprocessing</key>
			<string>0</string>
			<key>shellPath</key>
			<string>/bin/sh</string>
			<key>shellScript</key>
			<string>"${SRCROOT}/Pods/Target Support Files/Pods/Pods-frameworks.sh"
</string>
			<key>showEnvVarsInLog</key>
			<string>0</string>
		</dict>
		<key>F356A16B43D27CD117128DE5</key>
		<dict>
			<key>children</key>
			<array>
				<string>FD1B50E29CB4A38AB5145F24</string>
			</array>
			<key>isa</key>
			<string>PBXGroup</string>
			<key>name</key>
			<string>Frameworks</string>
			<key>sourceTree</key>
			<string>&lt;group&gt;</string>
		</dict>
		<key>FD1B50E29CB4A38AB5145F24</key>
		<dict>
			<key>explicitFileType</key>
			<string>wrapper.framework</string>
			<key>includeInIndex</key>
			<string>0</string>
			<key>isa</key>
			<string>PBXFileReference</string>
			<key>path</key>
			<string>Pods.framework</string>
			<key>sourceTree</key>
			<string>BUILT_PRODUCTS_DIR</string>
		</dict>
	</dict>
	<key>rootObject</key>
	<string>38944E121CC5B29300756EA4</string>
</dict>
</plist>
